
Microsoft Visual Studio Solution File, Format Version 12.00
# Visual Studio Version 17
VisualStudioVersion = 17.4.33403.182
MinimumVisualStudioVersion = 10.0.40219.1
Project("{2150E333-8FDC-42A3-9474-1A3956D46DE8}") = "FrontEnd", "FrontEnd", "{DB903B5B-F50F-4541-83AC-36960BF10D35}"
EndProject
Project("{2150E333-8FDC-42A3-9474-1A3956D46DE8}") = "UnitTests", "UnitTests", "{390E9EC7-857B-4AE5-907B-497799B183C5}"
EndProject
Project("{9A19103F-16F7-4668-BE54-9A1E7A4F7556}") = "HDDotNetCore", "FrontEnd\HDDotNetCore\HDDotNetCore.csproj", "{49936FEB-7868-4B19-8DC5-B4FE4FD47AF2}"
EndProject
Project("{9A19103F-16F7-4668-BE54-9A1E7A4F7556}") = "ServiceTests", "UnitTests\ServiceTests\ServiceTests.csproj", "{FD119BC5-AD5C-4FA1-BFCD-CBA4E035D52C}"
EndProject
Global
	GlobalSection(SolutionConfigurationPlatforms) = preSolution
		Debug|Any CPU = Debug|Any CPU
		Release|Any CPU = Release|Any CPU
	EndGlobalSection
	GlobalSection(ProjectConfigurationPlatforms) = postSolution
		{49936FEB-7868-4B19-8DC5-B4FE4FD47AF2}.Debug|Any CPU.ActiveCfg = Debug|Any CPU
		{49936FEB-7868-4B19-8DC5-B4FE4FD47AF2}.Debug|Any CPU.Build.0 = Debug|Any CPU
		{49936FEB-7868-4B19-8DC5-B4FE4FD47AF2}.Release|Any CPU.ActiveCfg = Release|Any CPU
		{49936FEB-7868-4B19-8DC5-B4FE4FD47AF2}.Release|Any CPU.Build.0 = Release|Any CPU
		{FD119BC5-AD5C-4FA1-BFCD-CBA4E035D52C}.Debug|Any CPU.ActiveCfg = Debug|Any CPU
		{FD119BC5-AD5C-4FA1-BFCD-CBA4E035D52C}.Debug|Any CPU.Build.0 = Debug|Any CPU
		{FD119BC5-AD5C-4FA1-BFCD-CBA4E035D52C}.Release|Any CPU.ActiveCfg = Release|Any CPU
		{FD119BC5-AD5C-4FA1-BFCD-CBA4E035D52C}.Release|Any CPU.Build.0 = Release|Any CPU
	EndGlobalSection
	GlobalSection(SolutionProperties) = preSolution
		HideSolutionNode = FALSE
	EndGlobalSection
	GlobalSection(NestedProjects) = preSolution
		{49936FEB-7868-4B19-8DC5-B4FE4FD47AF2} = {DB903B5B-F50F-4541-83AC-36960BF10D35}
		{FD119BC5-AD5C-4FA1-BFCD-CBA4E035D52C} = {390E9EC7-857B-4AE5-907B-497799B183C5}
	EndGlobalSection
	GlobalSection(ExtensibilityGlobals) = postSolution
		SolutionGuid = {463DCF57-9272-4B8B-8BC9-1E6E99605053}
	EndGlobalSection
EndGlobal
