
Microsoft Visual Studio Solution File, Format Version 12.00
# Visual Studio Version 17
VisualStudioVersion = 17.4.33403.182
MinimumVisualStudioVersion = 10.0.40219.1
Project("{2150E333-8FDC-42A3-9474-1A3956D46DE8}") = "FrontEnd", "FrontEnd", "{DB903B5B-F50F-4541-83AC-36960BF10D35}"
EndProject
Project("{2150E333-8FDC-42A3-9474-1A3956D46DE8}") = "UnitTests", "UnitTests", "{390E9EC7-857B-4AE5-907B-497799B183C5}"
EndProject
Project("{9A19103F-16F7-4668-BE54-9A1E7A4F7556}") = "HDDotNetCore", "FrontEnd\HDDotNetCore.csproj", "{17543790-05A4-4B4E-9BAD-2190A7ADFEC8}"
EndProject
Project("{9A19103F-16F7-4668-BE54-9A1E7A4F7556}") = "ServiceTests", "UnitTests\ServiceTests.csproj", "{C1B79C8B-5100-425A-A9B2-E6009453A8B9}"
EndProject
Global
	GlobalSection(SolutionConfigurationPlatforms) = preSolution
		Debug|Any CPU = Debug|Any CPU
		Release|Any CPU = Release|Any CPU
	EndGlobalSection
	GlobalSection(ProjectConfigurationPlatforms) = postSolution
		{17543790-05A4-4B4E-9BAD-2190A7ADFEC8}.Debug|Any CPU.ActiveCfg = Debug|Any CPU
		{17543790-05A4-4B4E-9BAD-2190A7ADFEC8}.Debug|Any CPU.Build.0 = Debug|Any CPU
		{17543790-05A4-4B4E-9BAD-2190A7ADFEC8}.Release|Any CPU.ActiveCfg = Release|Any CPU
		{17543790-05A4-4B4E-9BAD-2190A7ADFEC8}.Release|Any CPU.Build.0 = Release|Any CPU
		{C1B79C8B-5100-425A-A9B2-E6009453A8B9}.Debug|Any CPU.ActiveCfg = Debug|Any CPU
		{C1B79C8B-5100-425A-A9B2-E6009453A8B9}.Debug|Any CPU.Build.0 = Debug|Any CPU
		{C1B79C8B-5100-425A-A9B2-E6009453A8B9}.Release|Any CPU.ActiveCfg = Release|Any CPU
		{C1B79C8B-5100-425A-A9B2-E6009453A8B9}.Release|Any CPU.Build.0 = Release|Any CPU
	EndGlobalSection
	GlobalSection(SolutionProperties) = preSolution
		HideSolutionNode = FALSE
	EndGlobalSection
	GlobalSection(NestedProjects) = preSolution
		{17543790-05A4-4B4E-9BAD-2190A7ADFEC8} = {DB903B5B-F50F-4541-83AC-36960BF10D35}
		{C1B79C8B-5100-425A-A9B2-E6009453A8B9} = {390E9EC7-857B-4AE5-907B-497799B183C5}
	EndGlobalSection
	GlobalSection(ExtensibilityGlobals) = postSolution
		SolutionGuid = {463DCF57-9272-4B8B-8BC9-1E6E99605053}
	EndGlobalSection
EndGlobal
