
Microsoft Visual Studio Solution File, Format Version 12.00
# Visual Studio Version 17
VisualStudioVersion = 17.4.33403.182
MinimumVisualStudioVersion = 10.0.40219.1
Project("{9A19103F-16F7-4668-BE54-9A1E7A4F7556}") = "HDDotNetCore", "HDDotNetCore\HDDotNetCore.csproj", "{382BD19F-0D8D-45D0-B251-96326545E19E}"
EndProject
Global
	GlobalSection(SolutionConfigurationPlatforms) = preSolution
		Debug|Any CPU = Debug|Any CPU
		Release|Any CPU = Release|Any CPU
	EndGlobalSection
	GlobalSection(ProjectConfigurationPlatforms) = postSolution
		{382BD19F-0D8D-45D0-B251-96326545E19E}.Debug|Any CPU.ActiveCfg = Debug|Any CPU
		{382BD19F-0D8D-45D0-B251-96326545E19E}.Debug|Any CPU.Build.0 = Debug|Any CPU
		{382BD19F-0D8D-45D0-B251-96326545E19E}.Release|Any CPU.ActiveCfg = Release|Any CPU
		{382BD19F-0D8D-45D0-B251-96326545E19E}.Release|Any CPU.Build.0 = Release|Any CPU
	EndGlobalSection
	GlobalSection(SolutionProperties) = preSolution
		HideSolutionNode = FALSE
	EndGlobalSection
	GlobalSection(ExtensibilityGlobals) = postSolution
		SolutionGuid = {463DCF57-9272-4B8B-8BC9-1E6E99605053}
	EndGlobalSection
EndGlobal
